
Microsoft Visual Studio Solution File, Format Version 12.00
# Visual Studio Version 17
VisualStudioVersion = 17.13.35818.85
MinimumVisualStudioVersion = 10.0.40219.1
Project("{8BC9CEB8-8B4A-11D0-8D11-00A0C91BC942}") = "Project-Address-Operator", "Project-Address-Operator.vcxproj", "{56298B6A-7BCC-4AD5-857C-3AE51B8CA9FA}"
EndProject
Global
	GlobalSection(SolutionConfigurationPlatforms) = preSolution
		Debug|x64 = Debug|x64
	EndGlobalSection
	GlobalSection(ProjectConfigurationPlatforms) = postSolution
		{56298B6A-7BCC-4AD5-857C-3AE51B8CA9FA}.Debug|x64.ActiveCfg = Debug|x64
		{56298B6A-7BCC-4AD5-857C-3AE51B8CA9FA}.Debug|x64.Build.0 = Debug|x64
	EndGlobalSection
	GlobalSection(SolutionProperties) = preSolution
		HideSolutionNode = FALSE
	EndGlobalSection
	GlobalSection(ExtensibilityGlobals) = postSolution
		SolutionGuid = {7548D284-3031-4A53-8359-876BE48586E0}
	EndGlobalSection
EndGlobal
